
Microsoft Visual Studio Solution File, Format Version 12.00
# Visual Studio Version 17
VisualStudioVersion = 17.12.35527.113
MinimumVisualStudioVersion = 10.0.40219.1
Project("{FAE04EC0-301F-11D3-BF4B-00C04F79EFBC}") = "TaskManagementSystem_AL_Backend_10Pearls", "TaskManagementSystem_AL_Backend_10Pearls.csproj", "{B7E8468D-21E7-42D6-A315-58BF49BB0D53}"
EndProject
Project("{FAE04EC0-301F-11D3-BF4B-00C04F79EFBC}") = "ConsoleApp1", "..\ConsoleApp1\ConsoleApp1.csproj", "{5A273B36-33FC-4DFF-9FAC-DE49AA59708F}"
EndProject
Global
	GlobalSection(SolutionConfigurationPlatforms) = preSolution
		Debug|Any CPU = Debug|Any CPU
		Release|Any CPU = Release|Any CPU
	EndGlobalSection
	GlobalSection(ProjectConfigurationPlatforms) = postSolution
		{B7E8468D-21E7-42D6-A315-58BF49BB0D53}.Debug|Any CPU.ActiveCfg = Debug|Any CPU
		{B7E8468D-21E7-42D6-A315-58BF49BB0D53}.Debug|Any CPU.Build.0 = Debug|Any CPU
		{B7E8468D-21E7-42D6-A315-58BF49BB0D53}.Release|Any CPU.ActiveCfg = Release|Any CPU
		{B7E8468D-21E7-42D6-A315-58BF49BB0D53}.Release|Any CPU.Build.0 = Release|Any CPU
		{5A273B36-33FC-4DFF-9FAC-DE49AA59708F}.Debug|Any CPU.ActiveCfg = Debug|Any CPU
		{5A273B36-33FC-4DFF-9FAC-DE49AA59708F}.Debug|Any CPU.Build.0 = Debug|Any CPU
		{5A273B36-33FC-4DFF-9FAC-DE49AA59708F}.Release|Any CPU.ActiveCfg = Release|Any CPU
		{5A273B36-33FC-4DFF-9FAC-DE49AA59708F}.Release|Any CPU.Build.0 = Release|Any CPU
	EndGlobalSection
	GlobalSection(SolutionProperties) = preSolution
		HideSolutionNode = FALSE
	EndGlobalSection
EndGlobal
